
Microsoft Visual Studio Solution File, Format Version 12.00
# Visual Studio Version 18
VisualStudioVersion = 18.0.11205.157
MinimumVisualStudioVersion = 10.0.40219.1
Project("{2150E333-8FDC-42A3-9474-1A3956D46DE8}") = "0-Docs", "0-Docs", "{C31236D4-0E79-425D-A4B1-846340C4A83A}"
EndProject
Project("{2150E333-8FDC-42A3-9474-1A3956D46DE8}") = "1-Presentation", "1-Presentation", "{2A490322-9BF5-449D-84A4-8E0DB3FF5CF5}"
EndProject
Project("{2150E333-8FDC-42A3-9474-1A3956D46DE8}") = "2-Modules", "2-Modules", "{B27120C7-9F93-41F7-9D54-4930D1E8DBA7}"
EndProject
Project("{2150E333-8FDC-42A3-9474-1A3956D46DE8}") = "Modules.CodeGenerator.Template", "Modules.CodeGenerator.Template", "{6D7DE781-4663-4F38-880B-6DC75990FCA1}"
EndProject
Project("{9A19103F-16F7-4668-BE54-9A1E7A4F7556}") = "Modules.CodeGenerator.Template.Blazor", "2-Modules\Modules.CodeGenerator.Template\Modules.CodeGenerator.Template.Blazor\Modules.CodeGenerator.Template.Blazor.csproj", "{6B41FB04-2A0B-4573-BD3D-0B59BF2EBD42}"
EndProject
Project("{9A19103F-16F7-4668-BE54-9A1E7A4F7556}") = "Modules.CodeGenerator.Template.AppServices", "2-Modules\Modules.CodeGenerator.Template\Modules.CodeGenerator.Template.AppServices\Modules.CodeGenerator.Template.AppServices.csproj", "{CD6FDF15-2C5D-4159-9ADC-37B87324FE00}"
EndProject
Project("{9A19103F-16F7-4668-BE54-9A1E7A4F7556}") = "Modules.CodeGenerator.Template.Domain", "2-Modules\Modules.CodeGenerator.Template\Modules.CodeGenerator.Template.Domain\Modules.CodeGenerator.Template.Domain.csproj", "{F3435191-ADA5-4441-BA43-0FC9FD9023F1}"
EndProject
Project("{9A19103F-16F7-4668-BE54-9A1E7A4F7556}") = "Modules.CodeGenerator.Template.Shared", "2-Modules\Modules.CodeGenerator.Template\Modules.CodeGenerator.Template.Shared\Modules.CodeGenerator.Template.Shared.csproj", "{1498532D-0A6B-447C-9117-7DAD67F5F98D}"
EndProject
Project("{9A19103F-16F7-4668-BE54-9A1E7A4F7556}") = "Modules.CodeGenerator.Template.Repository", "2-Modules\Modules.CodeGenerator.Template\Modules.CodeGenerator.Template.Repository\Modules.CodeGenerator.Template.Repository.csproj", "{24CF57BE-68D2-4399-9575-FFA148F8E623}"
EndProject
Project("{9A19103F-16F7-4668-BE54-9A1E7A4F7556}") = "Blazor.Server", "1-Presentation\Blazor.Server\Blazor.Server.csproj", "{20CCF2AD-F5DA-455F-9116-12567F5F2C53}"
EndProject
Project("{9A19103F-16F7-4668-BE54-9A1E7A4F7556}") = "Modules.CodeGenerator.Template.API", "2-Modules\Modules.CodeGenerator.Template\Modules.CodeGenerator.Template.API\Modules.CodeGenerator.Template.API.csproj", "{7B4A9BED-738A-4DFE-BE46-A00A1F11ACB3}"
EndProject
Project("{2150E333-8FDC-42A3-9474-1A3956D46DE8}") = "Modules.My", "Modules.My", "{19F4B83E-BED6-4A33-BE9F-F0ECB6921BC6}"
EndProject
Project("{FAE04EC0-301F-11D3-BF4B-00C04F79EFBC}") = "Modules.My.API", "2-Modules\Modules.My\Modules.My.API\Modules.My.API.csproj", "{0C493E8E-F310-63D5-429D-ABB59E445316}"
EndProject
Project("{FAE04EC0-301F-11D3-BF4B-00C04F79EFBC}") = "Modules.My.AppServices", "2-Modules\Modules.My\Modules.My.AppServices\Modules.My.AppServices.csproj", "{A99C3961-0D70-D6D0-D172-518B7C4CDCBE}"
EndProject
Project("{FAE04EC0-301F-11D3-BF4B-00C04F79EFBC}") = "Modules.My.Blazor", "2-Modules\Modules.My\Modules.My.Blazor\Modules.My.Blazor.csproj", "{6FA43F3B-BBBA-DED9-3D0B-55729A8F3358}"
EndProject
Project("{FAE04EC0-301F-11D3-BF4B-00C04F79EFBC}") = "Modules.My.Domain", "2-Modules\Modules.My\Modules.My.Domain\Modules.My.Domain.csproj", "{55FC6D78-99EE-D061-82A9-C253D716D53A}"
EndProject
Project("{FAE04EC0-301F-11D3-BF4B-00C04F79EFBC}") = "Modules.My.Shared", "2-Modules\Modules.My\Modules.My.Shared\Modules.My.Shared.csproj", "{EC652C68-B60C-3B2A-AA95-A96D7D0852A2}"
EndProject
Project("{FAE04EC0-301F-11D3-BF4B-00C04F79EFBC}") = "Modules.My.Repository", "2-Modules\Modules.My\Modules.My.Repository\Modules.My.Repository.csproj", "{6AB7932F-C991-057D-D965-2E436216B1A2}"
EndProject
Global
	GlobalSection(SolutionConfigurationPlatforms) = preSolution
		Debug|Any CPU = Debug|Any CPU
		Release|Any CPU = Release|Any CPU
	EndGlobalSection
	GlobalSection(ProjectConfigurationPlatforms) = postSolution
		{6B41FB04-2A0B-4573-BD3D-0B59BF2EBD42}.Debug|Any CPU.ActiveCfg = Debug|Any CPU
		{6B41FB04-2A0B-4573-BD3D-0B59BF2EBD42}.Debug|Any CPU.Build.0 = Debug|Any CPU
		{6B41FB04-2A0B-4573-BD3D-0B59BF2EBD42}.Release|Any CPU.ActiveCfg = Release|Any CPU
		{6B41FB04-2A0B-4573-BD3D-0B59BF2EBD42}.Release|Any CPU.Build.0 = Release|Any CPU
		{CD6FDF15-2C5D-4159-9ADC-37B87324FE00}.Debug|Any CPU.ActiveCfg = Debug|Any CPU
		{CD6FDF15-2C5D-4159-9ADC-37B87324FE00}.Debug|Any CPU.Build.0 = Debug|Any CPU
		{CD6FDF15-2C5D-4159-9ADC-37B87324FE00}.Release|Any CPU.ActiveCfg = Release|Any CPU
		{CD6FDF15-2C5D-4159-9ADC-37B87324FE00}.Release|Any CPU.Build.0 = Release|Any CPU
		{F3435191-ADA5-4441-BA43-0FC9FD9023F1}.Debug|Any CPU.ActiveCfg = Debug|Any CPU
		{F3435191-ADA5-4441-BA43-0FC9FD9023F1}.Debug|Any CPU.Build.0 = Debug|Any CPU
		{F3435191-ADA5-4441-BA43-0FC9FD9023F1}.Release|Any CPU.ActiveCfg = Release|Any CPU
		{F3435191-ADA5-4441-BA43-0FC9FD9023F1}.Release|Any CPU.Build.0 = Release|Any CPU
		{1498532D-0A6B-447C-9117-7DAD67F5F98D}.Debug|Any CPU.ActiveCfg = Debug|Any CPU
		{1498532D-0A6B-447C-9117-7DAD67F5F98D}.Debug|Any CPU.Build.0 = Debug|Any CPU
		{1498532D-0A6B-447C-9117-7DAD67F5F98D}.Release|Any CPU.ActiveCfg = Release|Any CPU
		{1498532D-0A6B-447C-9117-7DAD67F5F98D}.Release|Any CPU.Build.0 = Release|Any CPU
		{24CF57BE-68D2-4399-9575-FFA148F8E623}.Debug|Any CPU.ActiveCfg = Debug|Any CPU
		{24CF57BE-68D2-4399-9575-FFA148F8E623}.Debug|Any CPU.Build.0 = Debug|Any CPU
		{24CF57BE-68D2-4399-9575-FFA148F8E623}.Release|Any CPU.ActiveCfg = Release|Any CPU
		{24CF57BE-68D2-4399-9575-FFA148F8E623}.Release|Any CPU.Build.0 = Release|Any CPU
		{20CCF2AD-F5DA-455F-9116-12567F5F2C53}.Debug|Any CPU.ActiveCfg = Debug|Any CPU
		{20CCF2AD-F5DA-455F-9116-12567F5F2C53}.Debug|Any CPU.Build.0 = Debug|Any CPU
		{20CCF2AD-F5DA-455F-9116-12567F5F2C53}.Release|Any CPU.ActiveCfg = Release|Any CPU
		{20CCF2AD-F5DA-455F-9116-12567F5F2C53}.Release|Any CPU.Build.0 = Release|Any CPU
		{7B4A9BED-738A-4DFE-BE46-A00A1F11ACB3}.Debug|Any CPU.ActiveCfg = Debug|Any CPU
		{7B4A9BED-738A-4DFE-BE46-A00A1F11ACB3}.Debug|Any CPU.Build.0 = Debug|Any CPU
		{7B4A9BED-738A-4DFE-BE46-A00A1F11ACB3}.Release|Any CPU.ActiveCfg = Release|Any CPU
		{7B4A9BED-738A-4DFE-BE46-A00A1F11ACB3}.Release|Any CPU.Build.0 = Release|Any CPU
		{0C493E8E-F310-63D5-429D-ABB59E445316}.Debug|Any CPU.ActiveCfg = Debug|Any CPU
		{0C493E8E-F310-63D5-429D-ABB59E445316}.Debug|Any CPU.Build.0 = Debug|Any CPU
		{0C493E8E-F310-63D5-429D-ABB59E445316}.Release|Any CPU.ActiveCfg = Release|Any CPU
		{0C493E8E-F310-63D5-429D-ABB59E445316}.Release|Any CPU.Build.0 = Release|Any CPU
		{A99C3961-0D70-D6D0-D172-518B7C4CDCBE}.Debug|Any CPU.ActiveCfg = Debug|Any CPU
		{A99C3961-0D70-D6D0-D172-518B7C4CDCBE}.Debug|Any CPU.Build.0 = Debug|Any CPU
		{A99C3961-0D70-D6D0-D172-518B7C4CDCBE}.Release|Any CPU.ActiveCfg = Release|Any CPU
		{A99C3961-0D70-D6D0-D172-518B7C4CDCBE}.Release|Any CPU.Build.0 = Release|Any CPU
		{6FA43F3B-BBBA-DED9-3D0B-55729A8F3358}.Debug|Any CPU.ActiveCfg = Debug|Any CPU
		{6FA43F3B-BBBA-DED9-3D0B-55729A8F3358}.Debug|Any CPU.Build.0 = Debug|Any CPU
		{6FA43F3B-BBBA-DED9-3D0B-55729A8F3358}.Release|Any CPU.ActiveCfg = Release|Any CPU
		{6FA43F3B-BBBA-DED9-3D0B-55729A8F3358}.Release|Any CPU.Build.0 = Release|Any CPU
		{55FC6D78-99EE-D061-82A9-C253D716D53A}.Debug|Any CPU.ActiveCfg = Debug|Any CPU
		{55FC6D78-99EE-D061-82A9-C253D716D53A}.Debug|Any CPU.Build.0 = Debug|Any CPU
		{55FC6D78-99EE-D061-82A9-C253D716D53A}.Release|Any CPU.ActiveCfg = Release|Any CPU
		{55FC6D78-99EE-D061-82A9-C253D716D53A}.Release|Any CPU.Build.0 = Release|Any CPU
		{EC652C68-B60C-3B2A-AA95-A96D7D0852A2}.Debug|Any CPU.ActiveCfg = Debug|Any CPU
		{EC652C68-B60C-3B2A-AA95-A96D7D0852A2}.Debug|Any CPU.Build.0 = Debug|Any CPU
		{EC652C68-B60C-3B2A-AA95-A96D7D0852A2}.Release|Any CPU.ActiveCfg = Release|Any CPU
		{EC652C68-B60C-3B2A-AA95-A96D7D0852A2}.Release|Any CPU.Build.0 = Release|Any CPU
		{6AB7932F-C991-057D-D965-2E436216B1A2}.Debug|Any CPU.ActiveCfg = Debug|Any CPU
		{6AB7932F-C991-057D-D965-2E436216B1A2}.Debug|Any CPU.Build.0 = Debug|Any CPU
		{6AB7932F-C991-057D-D965-2E436216B1A2}.Release|Any CPU.ActiveCfg = Release|Any CPU
		{6AB7932F-C991-057D-D965-2E436216B1A2}.Release|Any CPU.Build.0 = Release|Any CPU
	EndGlobalSection
	GlobalSection(SolutionProperties) = preSolution
		HideSolutionNode = FALSE
	EndGlobalSection
	GlobalSection(NestedProjects) = preSolution
		{6D7DE781-4663-4F38-880B-6DC75990FCA1} = {B27120C7-9F93-41F7-9D54-4930D1E8DBA7}
		{6B41FB04-2A0B-4573-BD3D-0B59BF2EBD42} = {6D7DE781-4663-4F38-880B-6DC75990FCA1}
		{CD6FDF15-2C5D-4159-9ADC-37B87324FE00} = {6D7DE781-4663-4F38-880B-6DC75990FCA1}
		{F3435191-ADA5-4441-BA43-0FC9FD9023F1} = {6D7DE781-4663-4F38-880B-6DC75990FCA1}
		{1498532D-0A6B-447C-9117-7DAD67F5F98D} = {6D7DE781-4663-4F38-880B-6DC75990FCA1}
		{24CF57BE-68D2-4399-9575-FFA148F8E623} = {6D7DE781-4663-4F38-880B-6DC75990FCA1}
		{20CCF2AD-F5DA-455F-9116-12567F5F2C53} = {2A490322-9BF5-449D-84A4-8E0DB3FF5CF5}
		{7B4A9BED-738A-4DFE-BE46-A00A1F11ACB3} = {6D7DE781-4663-4F38-880B-6DC75990FCA1}
		{19F4B83E-BED6-4A33-BE9F-F0ECB6921BC6} = {B27120C7-9F93-41F7-9D54-4930D1E8DBA7}
		{0C493E8E-F310-63D5-429D-ABB59E445316} = {19F4B83E-BED6-4A33-BE9F-F0ECB6921BC6}
		{A99C3961-0D70-D6D0-D172-518B7C4CDCBE} = {19F4B83E-BED6-4A33-BE9F-F0ECB6921BC6}
		{6FA43F3B-BBBA-DED9-3D0B-55729A8F3358} = {19F4B83E-BED6-4A33-BE9F-F0ECB6921BC6}
		{55FC6D78-99EE-D061-82A9-C253D716D53A} = {19F4B83E-BED6-4A33-BE9F-F0ECB6921BC6}
		{EC652C68-B60C-3B2A-AA95-A96D7D0852A2} = {19F4B83E-BED6-4A33-BE9F-F0ECB6921BC6}
		{6AB7932F-C991-057D-D965-2E436216B1A2} = {19F4B83E-BED6-4A33-BE9F-F0ECB6921BC6}
	EndGlobalSection
	GlobalSection(ExtensibilityGlobals) = postSolution
		RESX_SortFileContentOnSave = False
		SolutionGuid = {0C729EC5-ECEA-43EF-B0F8-1DDA0A70CF64}
		RESX_AutoCreateNewLanguageFiles = True
		RESX_SaveFilesImmediatelyUponChange = True
	EndGlobalSection
	GlobalSection(NestedModules) = preSolution
		{4E465CBD-B5D5-49BA-8EE4-CF7EC6CA99AC} = {B27120C7-9F93-41F7-9D54-4930D1E8DBA7}
		{9DA2B470-7000-428C-867D-F826E62ABB3B} = {B27120C7-9F93-41F7-9D54-4930D1E8DBA7}
		{4787F584-895C-4695-81E6-A911D861672A} = {5C4111A6-C2A4-40B8-B05E-44D41FDE3268}
		{0232C57D-2C70-401E-8FA9-ACBB40366EF8} = {D45C466B-FDF5-4A5C-9990-7356F04E09D6}
		{CD19EBF3-FD1D-43CD-A951-1F6B8CE54946} = {2A490322-9BF5-449D-84A4-8E0DB3FF5CF5}
		{F01EB74E-A89A-4FED-B87C-18FDF1B1AD67} = {7927F7C8-0A82-4C46-B754-DB9EBB7D0845}
		{84AAA60E-8700-40A4-B50E-FDC6B3E9A56F} = {D45C466B-FDF5-4A5C-9990-7356F04E09D6}
		{DD99AB4D-3CD0-4CCF-9779-64B6B5E5446C} = {7927F7C8-0A82-4C46-B754-DB9EBB7D0845}
		{4010D73E-F270-4C9A-BBA1-E01022BE03AF} = {4787F584-895C-4695-81E6-A911D861672A}
		{A81E552A-1198-4924-9843-B2D508384562} = {4E465CBD-B5D5-49BA-8EE4-CF7EC6CA99AC}
		{B567611A-B5DF-49C4-AB6F-CA99F03A6003} = {4787F584-895C-4695-81E6-A911D861672A}
		{7620A23F-4F8B-438F-A2AF-CA6B64F0AE3A} = {4787F584-895C-4695-81E6-A911D861672A}
		{C7516DE7-326B-4ECD-8ABC-BB99251FCCE0} = {7927F7C8-0A82-4C46-B754-DB9EBB7D0845}
		{DC12EE23-F60C-4B18-AAFB-C6DF5F0C161E} = {4787F584-895C-4695-81E6-A911D861672A}
		{8DD850A5-7A82-4686-8986-C1E57D0FCB6B} = {4E465CBD-B5D5-49BA-8EE4-CF7EC6CA99AC}
		{540279C6-E682-48D6-A6D6-588DE5B29232} = {4E465CBD-B5D5-49BA-8EE4-CF7EC6CA99AC}
		{25D915CA-4EE8-45C5-83DE-B31D6AD26F4A} = {4E465CBD-B5D5-49BA-8EE4-CF7EC6CA99AC}
		{121F1279-3B2A-475F-938C-8D81118C6663} = {9DA2B470-7000-428C-867D-F826E62ABB3B}
		{F62132BF-446D-425F-B707-EF21B4B85AE7} = {7927F7C8-0A82-4C46-B754-DB9EBB7D0845}
		{923F3D8C-8998-4EBF-83BD-A385C6AE0A45} = {9DA2B470-7000-428C-867D-F826E62ABB3B}
		{9EB6D9A4-3645-4060-BC12-402167429559} = {9DA2B470-7000-428C-867D-F826E62ABB3B}
		{187DB2FA-B94E-4BE9-B24E-A2F196384B12} = {9DA2B470-7000-428C-867D-F826E62ABB3B}
		{8D93956C-3E06-4BE3-8E3C-D7449AFD32E0} = {B27120C7-9F93-41F7-9D54-4930D1E8DBA7}
		{68A566EC-96B1-47A6-A875-F7DA60DB1419} = {8D93956C-3E06-4BE3-8E3C-D7449AFD32E0}
		{7927F7C8-0A82-4C46-B754-DB9EBB7D0845} = {5C4111A6-C2A4-40B8-B05E-44D41FDE3268}
		{6F1750CC-B851-41F7-8B91-5EE923B9A7F5} = {B27120C7-9F93-41F7-9D54-4930D1E8DBA7}
		{00DCDED8-9FA2-4BE1-A2CC-8343F43B9AC6} = {6F1750CC-B851-41F7-8B91-5EE923B9A7F5}
		{7DFD710D-E674-4919-98BD-1D4373599056} = {6F1750CC-B851-41F7-8B91-5EE923B9A7F5}
		{E2F038A7-9B4D-4600-873C-5DEF2BE9BF56} = {6F1750CC-B851-41F7-8B91-5EE923B9A7F5}
		{DADCEAB5-0D82-425B-B478-83C540FDB1DD} = {6F1750CC-B851-41F7-8B91-5EE923B9A7F5}
		{B10A6FAA-81A3-4030-858D-2E78CA1DA4B4} = {D47001AF-2A00-4ED5-A7E6-873032088436}
		{6D503593-26C6-4FB8-8F8C-2AFA834493D8} = {D47001AF-2A00-4ED5-A7E6-873032088436}
		{D47001AF-2A00-4ED5-A7E6-873032088436} = {2A490322-9BF5-449D-84A4-8E0DB3FF5CF5}
		{0D52A59C-663A-4B2B-AC22-7C1D6437EB7B} = {D47001AF-2A00-4ED5-A7E6-873032088436}
		{6D796BE8-A55F-4914-AF6F-88B4EE9F9A37} = {7927F7C8-0A82-4C46-B754-DB9EBB7D0845}
		{7589FA84-6FFD-4998-B5FC-F6F542A4AB96} = {4787F584-895C-4695-81E6-A911D861672A}
		{6D7DE781-4663-4F38-880B-6DC75990FCA1} = {B27120C7-9F93-41F7-9D54-4930D1E8DBA7}
		{6B41FB04-2A0B-4573-BD3D-0B59BF2EBD42} = {6D7DE781-4663-4F38-880B-6DC75990FCA1}
		{CD6FDF15-2C5D-4159-9ADC-37B87324FE00} = {6D7DE781-4663-4F38-880B-6DC75990FCA1}
		{F3435191-ADA5-4441-BA43-0FC9FD9023F1} = {6D7DE781-4663-4F38-880B-6DC75990FCA1}
		{1498532D-0A6B-447C-9117-7DAD67F5F98D} = {6D7DE781-4663-4F38-880B-6DC75990FCA1}
		{24CF57BE-68D2-4399-9575-FFA148F8E623} = {6D7DE781-4663-4F38-880B-6DC75990FCA1}
	EndGlobalSection
EndGlobal
